// !$*UTF8*$!
{
	archiveVersion = 1;
	classes = {
	};
	objectVersion = 46;
	objects = {

/* Begin PBXBuildFile section */
		D71912A41D9163A300D4BDB8 /* AppDelegate.swift in Sources */ = {isa = PBXBuildFile; fileRef = D71912A31D9163A300D4BDB8 /* AppDelegate.swift */; };
		D71912A91D9163A300D4BDB8 /* Main.storyboard in Resources */ = {isa = PBXBuildFile; fileRef = D71912A71D9163A300D4BDB8 /* Main.storyboard */; };
		D71912AB1D9163A300D4BDB8 /* Assets.xcassets in Resources */ = {isa = PBXBuildFile; fileRef = D71912AA1D9163A300D4BDB8 /* Assets.xcassets */; };
		D71912B91D9163A300D4BDB8 /* WeiBoTests.swift in Sources */ = {isa = PBXBuildFile; fileRef = D71912B81D9163A300D4BDB8 /* WeiBoTests.swift */; };
		D71912C41D9163A300D4BDB8 /* WeiBoUITests.swift in Sources */ = {isa = PBXBuildFile; fileRef = D71912C31D9163A300D4BDB8 /* WeiBoUITests.swift */; };
		D71912D41D916E3100D4BDB8 /* MainViewController.swift in Sources */ = {isa = PBXBuildFile; fileRef = D71912D31D916E3100D4BDB8 /* MainViewController.swift */; };
		D71912D61D916EF000D4BDB8 /* MainNavigationController.swift in Sources */ = {isa = PBXBuildFile; fileRef = D71912D51D916EF000D4BDB8 /* MainNavigationController.swift */; };
		D71912D81D916F3100D4BDB8 /* BaseViewController.swift in Sources */ = {isa = PBXBuildFile; fileRef = D71912D71D916F3100D4BDB8 /* BaseViewController.swift */; };
		D71912DA1D91722400D4BDB8 /* HomeViewController.swift in Sources */ = {isa = PBXBuildFile; fileRef = D71912D91D91722400D4BDB8 /* HomeViewController.swift */; };
		D71912DC1D9172DD00D4BDB8 /* DiscoverViewController.swift in Sources */ = {isa = PBXBuildFile; fileRef = D71912DB1D9172DD00D4BDB8 /* DiscoverViewController.swift */; };
		D71912DE1D91732D00D4BDB8 /* MessageViewController.swift in Sources */ = {isa = PBXBuildFile; fileRef = D71912DD1D91732D00D4BDB8 /* MessageViewController.swift */; };
		D71912E01D91739E00D4BDB8 /* ProfileViewController.swift in Sources */ = {isa = PBXBuildFile; fileRef = D71912DF1D91739E00D4BDB8 /* ProfileViewController.swift */; };
		D73861031D93775B00995243 /* DemoViewController.swift in Sources */ = {isa = PBXBuildFile; fileRef = D73861021D93775B00995243 /* DemoViewController.swift */; };
		D738D0DC1D94117000F385B9 /* UIButton + Extensiion.swift in Sources */ = {isa = PBXBuildFile; fileRef = D738D0DB1D94117000F385B9 /* UIButton + Extensiion.swift */; };
/* End PBXBuildFile section */

/* Begin PBXContainerItemProxy section */
		D71912B51D9163A300D4BDB8 /* PBXContainerItemProxy */ = {
			isa = PBXContainerItemProxy;
			containerPortal = D71912981D9163A300D4BDB8 /* Project object */;
			proxyType = 1;
			remoteGlobalIDString = D719129F1D9163A300D4BDB8;
			remoteInfo = WeiBo;
		};
		D71912C01D9163A300D4BDB8 /* PBXContainerItemProxy */ = {
			isa = PBXContainerItemProxy;
			containerPortal = D71912981D9163A300D4BDB8 /* Project object */;
			proxyType = 1;
			remoteGlobalIDString = D719129F1D9163A300D4BDB8;
			remoteInfo = WeiBo;
		};
/* End PBXContainerItemProxy section */

/* Begin PBXFileReference section */
		D71912A01D9163A300D4BDB8 /* WeiBo.app */ = {isa = PBXFileReference; explicitFileType = wrapper.application; includeInIndex = 0; path = WeiBo.app; sourceTree = BUILT_PRODUCTS_DIR; };
		D71912A31D9163A300D4BDB8 /* AppDelegate.swift */ = {isa = PBXFileReference; lastKnownFileType = sourcecode.swift; path = AppDelegate.swift; sourceTree = "<group>"; };
		D71912A81D9163A300D4BDB8 /* Base */ = {isa = PBXFileReference; lastKnownFileType = file.storyboard; name = Base; path = Base.lproj/Main.storyboard; sourceTree = "<group>"; };
		D71912AA1D9163A300D4BDB8 /* Assets.xcassets */ = {isa = PBXFileReference; lastKnownFileType = folder.assetcatalog; path = Assets.xcassets; sourceTree = "<group>"; };
		D71912AF1D9163A300D4BDB8 /* Info.plist */ = {isa = PBXFileReference; lastKnownFileType = text.plist.xml; path = Info.plist; sourceTree = "<group>"; };
		D71912B41D9163A300D4BDB8 /* WeiBoTests.xctest */ = {isa = PBXFileReference; explicitFileType = wrapper.cfbundle; includeInIndex = 0; path = WeiBoTests.xctest; sourceTree = BUILT_PRODUCTS_DIR; };
		D71912B81D9163A300D4BDB8 /* WeiBoTests.swift */ = {isa = PBXFileReference; lastKnownFileType = sourcecode.swift; path = WeiBoTests.swift; sourceTree = "<group>"; };
		D71912BA1D9163A300D4BDB8 /* Info.plist */ = {isa = PBXFileReference; lastKnownFileType = text.plist.xml; path = Info.plist; sourceTree = "<group>"; };
		D71912BF1D9163A300D4BDB8 /* WeiBoUITests.xctest */ = {isa = PBXFileReference; explicitFileType = wrapper.cfbundle; includeInIndex = 0; path = WeiBoUITests.xctest; sourceTree = BUILT_PRODUCTS_DIR; };
		D71912C31D9163A300D4BDB8 /* WeiBoUITests.swift */ = {isa = PBXFileReference; lastKnownFileType = sourcecode.swift; path = WeiBoUITests.swift; sourceTree = "<group>"; };
		D71912C51D9163A300D4BDB8 /* Info.plist */ = {isa = PBXFileReference; lastKnownFileType = text.plist.xml; path = Info.plist; sourceTree = "<group>"; };
		D71912D31D916E3100D4BDB8 /* MainViewController.swift */ = {isa = PBXFileReference; fileEncoding = 4; lastKnownFileType = sourcecode.swift; path = MainViewController.swift; sourceTree = "<group>"; };
		D71912D51D916EF000D4BDB8 /* MainNavigationController.swift */ = {isa = PBXFileReference; fileEncoding = 4; lastKnownFileType = sourcecode.swift; path = MainNavigationController.swift; sourceTree = "<group>"; };
		D71912D71D916F3100D4BDB8 /* BaseViewController.swift */ = {isa = PBXFileReference; fileEncoding = 4; lastKnownFileType = sourcecode.swift; path = BaseViewController.swift; sourceTree = "<group>"; };
		D71912D91D91722400D4BDB8 /* HomeViewController.swift */ = {isa = PBXFileReference; fileEncoding = 4; lastKnownFileType = sourcecode.swift; name = HomeViewController.swift; path = ../HomeViewController.swift; sourceTree = "<group>"; };
		D71912DB1D9172DD00D4BDB8 /* DiscoverViewController.swift */ = {isa = PBXFileReference; fileEncoding = 4; lastKnownFileType = sourcecode.swift; name = DiscoverViewController.swift; path = ../DiscoverViewController.swift; sourceTree = "<group>"; };
		D71912DD1D91732D00D4BDB8 /* MessageViewController.swift */ = {isa = PBXFileReference; fileEncoding = 4; lastKnownFileType = sourcecode.swift; name = MessageViewController.swift; path = ../MessageViewController.swift; sourceTree = "<group>"; };
		D71912DF1D91739E00D4BDB8 /* ProfileViewController.swift */ = {isa = PBXFileReference; fileEncoding = 4; lastKnownFileType = sourcecode.swift; name = ProfileViewController.swift; path = ../ProfileViewController.swift; sourceTree = "<group>"; };
		D73861021D93775B00995243 /* DemoViewController.swift */ = {isa = PBXFileReference; fileEncoding = 4; lastKnownFileType = sourcecode.swift; path = DemoViewController.swift; sourceTree = "<group>"; };
		D738D0DB1D94117000F385B9 /* UIButton + Extensiion.swift */ = {isa = PBXFileReference; fileEncoding = 4; lastKnownFileType = sourcecode.swift; name = "UIButton + Extensiion.swift"; path = "../UIButton + Extensiion.swift"; sourceTree = "<group>"; };
/* End PBXFileReference section */

/* Begin PBXFrameworksBuildPhase section */
		D719129D1D9163A300D4BDB8 /* Frameworks */ = {
			isa = PBXFrameworksBuildPhase;
			buildActionMask = 2147483647;
			files = (
			);
			runOnlyForDeploymentPostprocessing = 0;
		};
		D71912B11D9163A300D4BDB8 /* Frameworks */ = {
			isa = PBXFrameworksBuildPhase;
			buildActionMask = 2147483647;
			files = (
			);
			runOnlyForDeploymentPostprocessing = 0;
		};
		D71912BC1D9163A300D4BDB8 /* Frameworks */ = {
			isa = PBXFrameworksBuildPhase;
			buildActionMask = 2147483647;
			files = (
			);
			runOnlyForDeploymentPostprocessing = 0;
		};
/* End PBXFrameworksBuildPhase section */

/* Begin PBXGroup section */
		D71912971D9163A300D4BDB8 = {
			isa = PBXGroup;
			children = (
				D71912A21D9163A300D4BDB8 /* WeiBo */,
				D71912B71D9163A300D4BDB8 /* WeiBoTests */,
				D71912C21D9163A300D4BDB8 /* WeiBoUITests */,
				D71912A11D9163A300D4BDB8 /* Products */,
			);
			sourceTree = "<group>";
		};
		D71912A11D9163A300D4BDB8 /* Products */ = {
			isa = PBXGroup;
			children = (
				D71912A01D9163A300D4BDB8 /* WeiBo.app */,
				D71912B41D9163A300D4BDB8 /* WeiBoTests.xctest */,
				D71912BF1D9163A300D4BDB8 /* WeiBoUITests.xctest */,
			);
			name = Products;
			sourceTree = "<group>";
		};
		D71912A21D9163A300D4BDB8 /* WeiBo */ = {
			isa = PBXGroup;
			children = (
				D71912E11D9173C900D4BDB8 /* Main */,
				D71912E31D91741B00D4BDB8 /* Controllers */,
				D71912A31D9163A300D4BDB8 /* AppDelegate.swift */,
				D738D0DB1D94117000F385B9 /* UIButton + Extensiion.swift */,
				D71912A71D9163A300D4BDB8 /* Main.storyboard */,
				D71912AA1D9163A300D4BDB8 /* Assets.xcassets */,
				D71912AF1D9163A300D4BDB8 /* Info.plist */,
			);
			path = WeiBo;
			sourceTree = "<group>";
		};
		D71912B71D9163A300D4BDB8 /* WeiBoTests */ = {
			isa = PBXGroup;
			children = (
				D71912B81D9163A300D4BDB8 /* WeiBoTests.swift */,
				D71912BA1D9163A300D4BDB8 /* Info.plist */,
			);
			path = WeiBoTests;
			sourceTree = "<group>";
		};
		D71912C21D9163A300D4BDB8 /* WeiBoUITests */ = {
			isa = PBXGroup;
			children = (
				D71912C31D9163A300D4BDB8 /* WeiBoUITests.swift */,
				D71912C51D9163A300D4BDB8 /* Info.plist */,
			);
			path = WeiBoUITests;
			sourceTree = "<group>";
		};
		D71912E11D9173C900D4BDB8 /* Main */ = {
			isa = PBXGroup;
			children = (
				D71912D31D916E3100D4BDB8 /* MainViewController.swift */,
				D71912D51D916EF000D4BDB8 /* MainNavigationController.swift */,
				D71912D71D916F3100D4BDB8 /* BaseViewController.swift */,
			);
			name = Main;
			path = ..;
			sourceTree = "<group>";
		};
		D71912E31D91741B00D4BDB8 /* Controllers */ = {
			isa = PBXGroup;
			children = (
				D73861001D93773300995243 /* Main */,
				D73861011D93773E00995243 /* Other */,
			);
			name = Controllers;
			sourceTree = "<group>";
		};
		D73861001D93773300995243 /* Main */ = {
			isa = PBXGroup;
			children = (
				D71912D91D91722400D4BDB8 /* HomeViewController.swift */,
				D71912DB1D9172DD00D4BDB8 /* DiscoverViewController.swift */,
				D71912DD1D91732D00D4BDB8 /* MessageViewController.swift */,
				D71912DF1D91739E00D4BDB8 /* ProfileViewController.swift */,
			);
			name = Main;
			sourceTree = "<group>";
		};
		D73861011D93773E00995243 /* Other */ = {
			isa = PBXGroup;
			children = (
				D73861021D93775B00995243 /* DemoViewController.swift */,
			);
			name = Other;
			sourceTree = "<group>";
		};
/* End PBXGroup section */

/* Begin PBXNativeTarget section */
		D719129F1D9163A300D4BDB8 /* WeiBo */ = {
			isa = PBXNativeTarget;
			buildConfigurationList = D71912C81D9163A300D4BDB8 /* Build configuration list for PBXNativeTarget "WeiBo" */;
			buildPhases = (
				D719129C1D9163A300D4BDB8 /* Sources */,
				D719129D1D9163A300D4BDB8 /* Frameworks */,
				D719129E1D9163A300D4BDB8 /* Resources */,
			);
			buildRules = (
			);
			dependencies = (
			);
			name = WeiBo;
			productName = WeiBo;
			productReference = D71912A01D9163A300D4BDB8 /* WeiBo.app */;
			productType = "com.apple.product-type.application";
		};
		D71912B31D9163A300D4BDB8 /* WeiBoTests */ = {
			isa = PBXNativeTarget;
			buildConfigurationList = D71912CB1D9163A300D4BDB8 /* Build configuration list for PBXNativeTarget "WeiBoTests" */;
			buildPhases = (
				D71912B01D9163A300D4BDB8 /* Sources */,
				D71912B11D9163A300D4BDB8 /* Frameworks */,
				D71912B21D9163A300D4BDB8 /* Resources */,
			);
			buildRules = (
			);
			dependencies = (
				D71912B61D9163A300D4BDB8 /* PBXTargetDependency */,
			);
			name = WeiBoTests;
			productName = WeiBoTests;
			productReference = D71912B41D9163A300D4BDB8 /* WeiBoTests.xctest */;
			productType = "com.apple.product-type.bundle.unit-test";
		};
		D71912BE1D9163A300D4BDB8 /* WeiBoUITests */ = {
			isa = PBXNativeTarget;
			buildConfigurationList = D71912CE1D9163A300D4BDB8 /* Build configuration list for PBXNativeTarget "WeiBoUITests" */;
			buildPhases = (
				D71912BB1D9163A300D4BDB8 /* Sources */,
				D71912BC1D9163A300D4BDB8 /* Frameworks */,
				D71912BD1D9163A300D4BDB8 /* Resources */,
			);
			buildRules = (
			);
			dependencies = (
				D71912C11D9163A300D4BDB8 /* PBXTargetDependency */,
			);
			name = WeiBoUITests;
			productName = WeiBoUITests;
			productReference = D71912BF1D9163A300D4BDB8 /* WeiBoUITests.xctest */;
			productType = "com.apple.product-type.bundle.ui-testing";
		};
/* End PBXNativeTarget section */

/* Begin PBXProject section */
		D71912981D9163A300D4BDB8 /* Project object */ = {
			isa = PBXProject;
			attributes = {
				LastSwiftUpdateCheck = 0800;
				LastUpgradeCheck = 0800;
				ORGANIZATIONNAME = LGH;
				TargetAttributes = {
					D719129F1D9163A300D4BDB8 = {
						CreatedOnToolsVersion = 8.0;
						ProvisioningStyle = Automatic;
					};
					D71912B31D9163A300D4BDB8 = {
						CreatedOnToolsVersion = 8.0;
						ProvisioningStyle = Automatic;
						TestTargetID = D719129F1D9163A300D4BDB8;
					};
					D71912BE1D9163A300D4BDB8 = {
						CreatedOnToolsVersion = 8.0;
						ProvisioningStyle = Automatic;
						TestTargetID = D719129F1D9163A300D4BDB8;
					};
				};
			};
			buildConfigurationList = D719129B1D9163A300D4BDB8 /* Build configuration list for PBXProject "WeiBo" */;
			compatibilityVersion = "Xcode 3.2";
			developmentRegion = English;
			hasScannedForEncodings = 0;
			knownRegions = (
				en,
				Base,
			);
			mainGroup = D71912971D9163A300D4BDB8;
			productRefGroup = D71912A11D9163A300D4BDB8 /* Products */;
			projectDirPath = "";
			projectRoot = "";
			targets = (
				D719129F1D9163A300D4BDB8 /* WeiBo */,
				D71912B31D9163A300D4BDB8 /* WeiBoTests */,
				D71912BE1D9163A300D4BDB8 /* WeiBoUITests */,
			);
		};
/* End PBXProject section */

/* Begin PBXResourcesBuildPhase section */
		D719129E1D9163A300D4BDB8 /* Resources */ = {
			isa = PBXResourcesBuildPhase;
			buildActionMask = 2147483647;
			files = (
				D71912AB1D9163A300D4BDB8 /* Assets.xcassets in Resources */,
				D71912A91D9163A300D4BDB8 /* Main.storyboard in Resources */,
			);
			runOnlyForDeploymentPostprocessing = 0;
		};
		D71912B21D9163A300D4BDB8 /* Resources */ = {
			isa = PBXResourcesBuildPhase;
			buildActionMask = 2147483647;
			files = (
			);
			runOnlyForDeploymentPostprocessing = 0;
		};
		D71912BD1D9163A300D4BDB8 /* Resources */ = {
			isa = PBXResourcesBuildPhase;
			buildActionMask = 2147483647;
			files = (
			);
			runOnlyForDeploymentPostprocessing = 0;
		};
/* End PBXResourcesBuildPhase section */

/* Begin PBXSourcesBuildPhase section */
		D719129C1D9163A300D4BDB8 /* Sources */ = {
			isa = PBXSourcesBuildPhase;
			buildActionMask = 2147483647;
			files = (
				D71912DA1D91722400D4BDB8 /* HomeViewController.swift in Sources */,
				D71912D61D916EF000D4BDB8 /* MainNavigationController.swift in Sources */,
				D71912D81D916F3100D4BDB8 /* BaseViewController.swift in Sources */,
				D73861031D93775B00995243 /* DemoViewController.swift in Sources */,
				D71912DC1D9172DD00D4BDB8 /* DiscoverViewController.swift in Sources */,
				D71912A41D9163A300D4BDB8 /* AppDelegate.swift in Sources */,
				D71912D41D916E3100D4BDB8 /* MainViewController.swift in Sources */,
				D738D0DC1D94117000F385B9 /* UIButton + Extensiion.swift in Sources */,
				D71912E01D91739E00D4BDB8 /* ProfileViewController.swift in Sources */,
				D71912DE1D91732D00D4BDB8 /* MessageViewController.swift in Sources */,
			);
			runOnlyForDeploymentPostprocessing = 0;
		};
		D71912B01D9163A300D4BDB8 /* Sources */ = {
			isa = PBXSourcesBuildPhase;
			buildActionMask = 2147483647;
			files = (
				D71912B91D9163A300D4BDB8 /* WeiBoTests.swift in Sources */,
			);
			runOnlyForDeploymentPostprocessing = 0;
		};
		D71912BB1D9163A300D4BDB8 /* Sources */ = {
			isa = PBXSourcesBuildPhase;
			buildActionMask = 2147483647;
			files = (
				D71912C41D9163A300D4BDB8 /* WeiBoUITests.swift in Sources */,
			);
			runOnlyForDeploymentPostprocessing = 0;
		};
/* End PBXSourcesBuildPhase section */

/* Begin PBXTargetDependency section */
		D71912B61D9163A300D4BDB8 /* PBXTargetDependency */ = {
			isa = PBXTargetDependency;
			target = D719129F1D9163A300D4BDB8 /* WeiBo */;
			targetProxy = D71912B51D9163A300D4BDB8 /* PBXContainerItemProxy */;
		};
		D71912C11D9163A300D4BDB8 /* PBXTargetDependency */ = {
			isa = PBXTargetDependency;
			target = D719129F1D9163A300D4BDB8 /* WeiBo */;
			targetProxy = D71912C01D9163A300D4BDB8 /* PBXContainerItemProxy */;
		};
/* End PBXTargetDependency section */

/* Begin PBXVariantGroup section */
		D71912A71D9163A300D4BDB8 /* Main.storyboard */ = {
			isa = PBXVariantGroup;
			children = (
				D71912A81D9163A300D4BDB8 /* Base */,
			);
			name = Main.storyboard;
			sourceTree = "<group>";
		};
/* End PBXVariantGroup section */

/* Begin XCBuildConfiguration section */
		D71912C61D9163A300D4BDB8 /* Debug */ = {
			isa = XCBuildConfiguration;
			buildSettings = {
				ALWAYS_SEARCH_USER_PATHS = NO;
				CLANG_ANALYZER_NONNULL = YES;
				CLANG_CXX_LANGUAGE_STANDARD = "gnu++0x";
				CLANG_CXX_LIBRARY = "libc++";
				CLANG_ENABLE_MODULES = YES;
				CLANG_ENABLE_OBJC_ARC = YES;
				CLANG_WARN_BOOL_CONVERSION = YES;
				CLANG_WARN_CONSTANT_CONVERSION = YES;
				CLANG_WARN_DIRECT_OBJC_ISA_USAGE = YES_ERROR;
				CLANG_WARN_DOCUMENTATION_COMMENTS = YES;
				CLANG_WARN_EMPTY_BODY = YES;
				CLANG_WARN_ENUM_CONVERSION = YES;
				CLANG_WARN_INFINITE_RECURSION = YES;
				CLANG_WARN_INT_CONVERSION = YES;
				CLANG_WARN_OBJC_ROOT_CLASS = YES_ERROR;
				CLANG_WARN_SUSPICIOUS_MOVES = YES;
				CLANG_WARN_UNREACHABLE_CODE = YES;
				CLANG_WARN__DUPLICATE_METHOD_MATCH = YES;
				"CODE_SIGN_IDENTITY[sdk=iphoneos*]" = "iPhone Developer";
				COPY_PHASE_STRIP = NO;
				DEBUG_INFORMATION_FORMAT = dwarf;
				ENABLE_STRICT_OBJC_MSGSEND = YES;
				ENABLE_TESTABILITY = YES;
				GCC_C_LANGUAGE_STANDARD = gnu99;
				GCC_DYNAMIC_NO_PIC = NO;
				GCC_NO_COMMON_BLOCKS = YES;
				GCC_OPTIMIZATION_LEVEL = 0;
				GCC_PREPROCESSOR_DEFINITIONS = (
					"DEBUG=1",
					"$(inherited)",
				);
				GCC_WARN_64_TO_32_BIT_CONVERSION = YES;
				GCC_WARN_ABOUT_RETURN_TYPE = YES_ERROR;
				GCC_WARN_UNDECLARED_SELECTOR = YES;
				GCC_WARN_UNINITIALIZED_AUTOS = YES_AGGRESSIVE;
				GCC_WARN_UNUSED_FUNCTION = YES;
				GCC_WARN_UNUSED_VARIABLE = YES;
				IPHONEOS_DEPLOYMENT_TARGET = 10.0;
				MTL_ENABLE_DEBUG_INFO = YES;
				ONLY_ACTIVE_ARCH = YES;
				SDKROOT = iphoneos;
				SWIFT_ACTIVE_COMPILATION_CONDITIONS = DEBUG;
				SWIFT_OPTIMIZATION_LEVEL = "-Onone";
			};
			name = Debug;
		};
		D71912C71D9163A300D4BDB8 /* Release */ = {
			isa = XCBuildConfiguration;
			buildSettings = {
				ALWAYS_SEARCH_USER_PATHS = NO;
				CLANG_ANALYZER_NONNULL = YES;
				CLANG_CXX_LANGUAGE_STANDARD = "gnu++0x";
				CLANG_CXX_LIBRARY = "libc++";
				CLANG_ENABLE_MODULES = YES;
				CLANG_ENABLE_OBJC_ARC = YES;
				CLANG_WARN_BOOL_CONVERSION = YES;
				CLANG_WARN_CONSTANT_CONVERSION = YES;
				CLANG_WARN_DIRECT_OBJC_ISA_USAGE = YES_ERROR;
				CLANG_WARN_DOCUMENTATION_COMMENTS = YES;
				CLANG_WARN_EMPTY_BODY = YES;
				CLANG_WARN_ENUM_CONVERSION = YES;
				CLANG_WARN_INFINITE_RECURSION = YES;
				CLANG_WARN_INT_CONVERSION = YES;
				CLANG_WARN_OBJC_ROOT_CLASS = YES_ERROR;
				CLANG_WARN_SUSPICIOUS_MOVES = YES;
				CLANG_WARN_UNREACHABLE_CODE = YES;
				CLANG_WARN__DUPLICATE_METHOD_MATCH = YES;
				"CODE_SIGN_IDENTITY[sdk=iphoneos*]" = "iPhone Developer";
				COPY_PHASE_STRIP = NO;
				DEBUG_INFORMATION_FORMAT = "dwarf-with-dsym";
				ENABLE_NS_ASSERTIONS = NO;
				ENABLE_STRICT_OBJC_MSGSEND = YES;
				GCC_C_LANGUAGE_STANDARD = gnu99;
				GCC_NO_COMMON_BLOCKS = YES;
				GCC_WARN_64_TO_32_BIT_CONVERSION = YES;
				GCC_WARN_ABOUT_RETURN_TYPE = YES_ERROR;
				GCC_WARN_UNDECLARED_SELECTOR = YES;
				GCC_WARN_UNINITIALIZED_AUTOS = YES_AGGRESSIVE;
				GCC_WARN_UNUSED_FUNCTION = YES;
				GCC_WARN_UNUSED_VARIABLE = YES;
				IPHONEOS_DEPLOYMENT_TARGET = 10.0;
				MTL_ENABLE_DEBUG_INFO = NO;
				SDKROOT = iphoneos;
				SWIFT_OPTIMIZATION_LEVEL = "-Owholemodule";
				VALIDATE_PRODUCT = YES;
			};
			name = Release;
		};
		D71912C91D9163A300D4BDB8 /* Debug */ = {
			isa = XCBuildConfiguration;
			buildSettings = {
				ASSETCATALOG_COMPILER_APPICON_NAME = AppIcon;
				ASSETCATALOG_COMPILER_LAUNCHIMAGE_NAME = LaunchImage;
				INFOPLIST_FILE = WeiBo/Info.plist;
				IPHONEOS_DEPLOYMENT_TARGET = 8.0;
				LD_RUNPATH_SEARCH_PATHS = "$(inherited) @executable_path/Frameworks";
				PRODUCT_BUNDLE_IDENTIFIER = IBMChina.WeiBo;
				PRODUCT_NAME = "$(TARGET_NAME)";
				SWIFT_VERSION = 3.0;
			};
			name = Debug;
		};
		D71912CA1D9163A300D4BDB8 /* Release */ = {
			isa = XCBuildConfiguration;
			buildSettings = {
				ASSETCATALOG_COMPILER_APPICON_NAME = AppIcon;
				ASSETCATALOG_COMPILER_LAUNCHIMAGE_NAME = LaunchImage;
				INFOPLIST_FILE = WeiBo/Info.plist;
				IPHONEOS_DEPLOYMENT_TARGET = 8.0;
				LD_RUNPATH_SEARCH_PATHS = "$(inherited) @executable_path/Frameworks";
				PRODUCT_BUNDLE_IDENTIFIER = IBMChina.WeiBo;
				PRODUCT_NAME = "$(TARGET_NAME)";
				SWIFT_VERSION = 3.0;
			};
			name = Release;
		};
		D71912CC1D9163A300D4BDB8 /* Debug */ = {
			isa = XCBuildConfiguration;
			buildSettings = {
				ALWAYS_EMBED_SWIFT_STANDARD_LIBRARIES = YES;
				BUNDLE_LOADER = "$(TEST_HOST)";
				INFOPLIST_FILE = WeiBoTests/Info.plist;
				LD_RUNPATH_SEARCH_PATHS = "$(inherited) @executable_path/Frameworks @loader_path/Frameworks";
				PRODUCT_BUNDLE_IDENTIFIER = IBMChina.WeiBoTests;
				PRODUCT_NAME = "$(TARGET_NAME)";
				SWIFT_VERSION = 3.0;
				TEST_HOST = "$(BUILT_PRODUCTS_DIR)/WeiBo.app/WeiBo";
			};
			name = Debug;
		};
		D71912CD1D9163A300D4BDB8 /* Release */ = {
			isa = XCBuildConfiguration;
			buildSettings = {
				ALWAYS_EMBED_SWIFT_STANDARD_LIBRARIES = YES;
				BUNDLE_LOADER = "$(TEST_HOST)";
				INFOPLIST_FILE = WeiBoTests/Info.plist;
				LD_RUNPATH_SEARCH_PATHS = "$(inherited) @executable_path/Frameworks @loader_path/Frameworks";
				PRODUCT_BUNDLE_IDENTIFIER = IBMChina.WeiBoTests;
				PRODUCT_NAME = "$(TARGET_NAME)";
				SWIFT_VERSION = 3.0;
				TEST_HOST = "$(BUILT_PRODUCTS_DIR)/WeiBo.app/WeiBo";
			};
			name = Release;
		};
		D71912CF1D9163A300D4BDB8 /* Debug */ = {
			isa = XCBuildConfiguration;
			buildSettings = {
				ALWAYS_EMBED_SWIFT_STANDARD_LIBRARIES = YES;
				INFOPLIST_FILE = WeiBoUITests/Info.plist;
				LD_RUNPATH_SEARCH_PATHS = "$(inherited) @executable_path/Frameworks @loader_path/Frameworks";
				PRODUCT_BUNDLE_IDENTIFIER = IBMChina.WeiBoUITests;
				PRODUCT_NAME = "$(TARGET_NAME)";
				SWIFT_VERSION = 3.0;
				TEST_TARGET_NAME = WeiBo;
			};
			name = Debug;
		};
		D71912D01D9163A300D4BDB8 /* Release */ = {
			isa = XCBuildConfiguration;
			buildSettings = {
				ALWAYS_EMBED_SWIFT_STANDARD_LIBRARIES = YES;
				INFOPLIST_FILE = WeiBoUITests/Info.plist;
				LD_RUNPATH_SEARCH_PATHS = "$(inherited) @executable_path/Frameworks @loader_path/Frameworks";
				PRODUCT_BUNDLE_IDENTIFIER = IBMChina.WeiBoUITests;
				PRODUCT_NAME = "$(TARGET_NAME)";
				SWIFT_VERSION = 3.0;
				TEST_TARGET_NAME = WeiBo;
			};
			name = Release;
		};
/* End XCBuildConfiguration section */

/* Begin XCConfigurationList section */
		D719129B1D9163A300D4BDB8 /* Build configuration list for PBXProject "WeiBo" */ = {
			isa = XCConfigurationList;
			buildConfigurations = (
				D71912C61D9163A300D4BDB8 /* Debug */,
				D71912C71D9163A300D4BDB8 /* Release */,
			);
			defaultConfigurationIsVisible = 0;
			defaultConfigurationName = Release;
		};
		D71912C81D9163A300D4BDB8 /* Build configuration list for PBXNativeTarget "WeiBo" */ = {
			isa = XCConfigurationList;
			buildConfigurations = (
				D71912C91D9163A300D4BDB8 /* Debug */,
				D71912CA1D9163A300D4BDB8 /* Release */,
			);
			defaultConfigurationIsVisible = 0;
			defaultConfigurationName = Release;
		};
		D71912CB1D9163A300D4BDB8 /* Build configuration list for PBXNativeTarget "WeiBoTests" */ = {
			isa = XCConfigurationList;
			buildConfigurations = (
				D71912CC1D9163A300D4BDB8 /* Debug */,
				D71912CD1D9163A300D4BDB8 /* Release */,
			);
			defaultConfigurationIsVisible = 0;
			defaultConfigurationName = Release;
		};
		D71912CE1D9163A300D4BDB8 /* Build configuration list for PBXNativeTarget "WeiBoUITests" */ = {
			isa = XCConfigurationList;
			buildConfigurations = (
				D71912CF1D9163A300D4BDB8 /* Debug */,
				D71912D01D9163A300D4BDB8 /* Release */,
			);
			defaultConfigurationIsVisible = 0;
			defaultConfigurationName = Release;
		};
/* End XCConfigurationList section */
	};
	rootObject = D71912981D9163A300D4BDB8 /* Project object */;
}
